
Microsoft Visual Studio Solution File, Format Version 12.00
# Visual Studio Version 17
VisualStudioVersion = 17.5.002.0
MinimumVisualStudioVersion = 10.0.40219.1
Project("{FAE04EC0-301F-11D3-BF4B-00C04F79EFBC}") = "DotnetTestTask", "DotnetTestTask\DotnetTestTask.csproj", "{82D0884C-D444-40CA-97F6-4D1F0B465BE3}"
EndProject
Project("{FAE04EC0-301F-11D3-BF4B-00C04F79EFBC}") = "DotnetTestTask.Tests", "DotnetTestTask.Tests\DotnetTestTask.Tests.csproj", "{5374C941-66B1-43E3-A57F-C5463E33C9A9}"
EndProject
Global
	GlobalSection(SolutionProperties) = preSolution
		HideSolutionNode = FALSE
	EndGlobalSection
	GlobalSection(ExtensibilityGlobals) = postSolution
		SolutionGuid = {5416166A-BEB9-443C-B539-F8B5F3629E44}
	EndGlobalSection
	GlobalSection(SolutionConfigurationPlatforms) = preSolution
		Debug|Any CPU = Debug|Any CPU
		Debug|x64 = Debug|x64
		Debug|x86 = Debug|x86
		Release|Any CPU = Release|Any CPU
		Release|x64 = Release|x64
		Release|x86 = Release|x86
	EndGlobalSection
	GlobalSection(ProjectConfigurationPlatforms) = postSolution
		{82D0884C-D444-40CA-97F6-4D1F0B465BE3}.Debug|Any CPU.ActiveCfg = Debug|Any CPU
		{82D0884C-D444-40CA-97F6-4D1F0B465BE3}.Debug|Any CPU.Build.0 = Debug|Any CPU
		{82D0884C-D444-40CA-97F6-4D1F0B465BE3}.Debug|x64.ActiveCfg = Debug|Any CPU
		{82D0884C-D444-40CA-97F6-4D1F0B465BE3}.Debug|x64.Build.0 = Debug|Any CPU
		{82D0884C-D444-40CA-97F6-4D1F0B465BE3}.Debug|x86.ActiveCfg = Debug|Any CPU
		{82D0884C-D444-40CA-97F6-4D1F0B465BE3}.Debug|x86.Build.0 = Debug|Any CPU
		{82D0884C-D444-40CA-97F6-4D1F0B465BE3}.Release|Any CPU.ActiveCfg = Release|Any CPU
		{82D0884C-D444-40CA-97F6-4D1F0B465BE3}.Release|Any CPU.Build.0 = Release|Any CPU
		{82D0884C-D444-40CA-97F6-4D1F0B465BE3}.Release|x64.ActiveCfg = Release|Any CPU
		{82D0884C-D444-40CA-97F6-4D1F0B465BE3}.Release|x64.Build.0 = Release|Any CPU
		{82D0884C-D444-40CA-97F6-4D1F0B465BE3}.Release|x86.ActiveCfg = Release|Any CPU
		{82D0884C-D444-40CA-97F6-4D1F0B465BE3}.Release|x86.Build.0 = Release|Any CPU
		{5374C941-66B1-43E3-A57F-C5463E33C9A9}.Debug|Any CPU.ActiveCfg = Debug|Any CPU
		{5374C941-66B1-43E3-A57F-C5463E33C9A9}.Debug|Any CPU.Build.0 = Debug|Any CPU
		{5374C941-66B1-43E3-A57F-C5463E33C9A9}.Debug|x64.ActiveCfg = Debug|Any CPU
		{5374C941-66B1-43E3-A57F-C5463E33C9A9}.Debug|x64.Build.0 = Debug|Any CPU
		{5374C941-66B1-43E3-A57F-C5463E33C9A9}.Debug|x86.ActiveCfg = Debug|Any CPU
		{5374C941-66B1-43E3-A57F-C5463E33C9A9}.Debug|x86.Build.0 = Debug|Any CPU
		{5374C941-66B1-43E3-A57F-C5463E33C9A9}.Release|Any CPU.ActiveCfg = Release|Any CPU
		{5374C941-66B1-43E3-A57F-C5463E33C9A9}.Release|Any CPU.Build.0 = Release|Any CPU
		{5374C941-66B1-43E3-A57F-C5463E33C9A9}.Release|x64.ActiveCfg = Release|Any CPU
		{5374C941-66B1-43E3-A57F-C5463E33C9A9}.Release|x64.Build.0 = Release|Any CPU
		{5374C941-66B1-43E3-A57F-C5463E33C9A9}.Release|x86.ActiveCfg = Release|Any CPU
		{5374C941-66B1-43E3-A57F-C5463E33C9A9}.Release|x86.Build.0 = Release|Any CPU
	EndGlobalSection
EndGlobal
